
Microsoft Visual Studio Solution File, Format Version 12.00
# Visual Studio Version 17
VisualStudioVersion = 17.2.32630.192
MinimumVisualStudioVersion = 10.0.40219.1
Project("{FAE04EC0-301F-11D3-BF4B-00C04F79EFBC}") = "CVRAvatarHider", "CVRAvatarHider.csproj", "{8DBA35B7-5FD2-498F-9858-06577BDCF1A6}"
EndProject
Global
	GlobalSection(SolutionConfigurationPlatforms) = preSolution
		Debug|Any CPU = Debug|Any CPU
		Debug|x64 = Debug|x64
		Release|Any CPU = Release|Any CPU
		Release|x64 = Release|x64
	EndGlobalSection
	GlobalSection(ProjectConfigurationPlatforms) = postSolution
		{8DBA35B7-5FD2-498F-9858-06577BDCF1A6}.Debug|Any CPU.ActiveCfg = Release|Any CPU
		{8DBA35B7-5FD2-498F-9858-06577BDCF1A6}.Debug|Any CPU.Build.0 = Release|Any CPU
		{8DBA35B7-5FD2-498F-9858-06577BDCF1A6}.Debug|x64.ActiveCfg = Release|x64
		{8DBA35B7-5FD2-498F-9858-06577BDCF1A6}.Debug|x64.Build.0 = Release|x64
		{8DBA35B7-5FD2-498F-9858-06577BDCF1A6}.Release|Any CPU.ActiveCfg = Release|Any CPU
		{8DBA35B7-5FD2-498F-9858-06577BDCF1A6}.Release|Any CPU.Build.0 = Release|Any CPU
		{8DBA35B7-5FD2-498F-9858-06577BDCF1A6}.Release|x64.ActiveCfg = Release|x64
		{8DBA35B7-5FD2-498F-9858-06577BDCF1A6}.Release|x64.Build.0 = Release|x64
	EndGlobalSection
	GlobalSection(SolutionProperties) = preSolution
		HideSolutionNode = FALSE
	EndGlobalSection
	GlobalSection(ExtensibilityGlobals) = postSolution
		SolutionGuid = {B952580E-C695-44C3-BD33-AA0926F7FBEE}
	EndGlobalSection
EndGlobal
